
Microsoft Visual Studio Solution File, Format Version 12.00
# Visual Studio Version 17
VisualStudioVersion = 17.8.34316.72
MinimumVisualStudioVersion = 10.0.40219.1
Project("{FAE04EC0-301F-11D3-BF4B-00C04F79EFBC}") = "OpenCvPlugin", "OpenCvPlugin\OpenCvPlugin.csproj", "{776DB467-6F00-4C63-95A0-2925433277C0}"
EndProject
Global
	GlobalSection(SolutionConfigurationPlatforms) = preSolution
		Debug|Any CPU = Debug|Any CPU
		Release|Any CPU = Release|Any CPU
	EndGlobalSection
	GlobalSection(ProjectConfigurationPlatforms) = postSolution
		{776DB467-6F00-4C63-95A0-2925433277C0}.Debug|Any CPU.ActiveCfg = Debug|Any CPU
		{776DB467-6F00-4C63-95A0-2925433277C0}.Debug|Any CPU.Build.0 = Debug|Any CPU
		{776DB467-6F00-4C63-95A0-2925433277C0}.Release|Any CPU.ActiveCfg = Release|Any CPU
		{776DB467-6F00-4C63-95A0-2925433277C0}.Release|Any CPU.Build.0 = Release|Any CPU
	EndGlobalSection
	GlobalSection(SolutionProperties) = preSolution
		HideSolutionNode = FALSE
	EndGlobalSection
	GlobalSection(ExtensibilityGlobals) = postSolution
		SolutionGuid = {85069DF2-C4FE-4059-9A3B-013D24FEDE11}
	EndGlobalSection
EndGlobal
